
Microsoft Visual Studio Solution File, Format Version 12.00
# Visual Studio Version 18
VisualStudioVersion = 18.6.11806.211 stable
MinimumVisualStudioVersion = 10.0.40219.1
Project("{FAE04EC0-301F-11D3-BF4B-00C04F79EFBC}") = "fdia2", "fdia2.csproj", "{2AA41412-F767-E9A5-0FFA-12CC0CE44275}"
EndProject
Global
	GlobalSection(SolutionConfigurationPlatforms) = preSolution
		Debug|Any CPU = Debug|Any CPU
		Release|Any CPU = Release|Any CPU
	EndGlobalSection
	GlobalSection(ProjectConfigurationPlatforms) = postSolution
		{2AA41412-F767-E9A5-0FFA-12CC0CE44275}.Debug|Any CPU.ActiveCfg = Debug|Any CPU
		{2AA41412-F767-E9A5-0FFA-12CC0CE44275}.Debug|Any CPU.Build.0 = Debug|Any CPU
		{2AA41412-F767-E9A5-0FFA-12CC0CE44275}.Release|Any CPU.ActiveCfg = Release|Any CPU
		{2AA41412-F767-E9A5-0FFA-12CC0CE44275}.Release|Any CPU.Build.0 = Release|Any CPU
	EndGlobalSection
	GlobalSection(SolutionProperties) = preSolution
		HideSolutionNode = FALSE
	EndGlobalSection
	GlobalSection(ExtensibilityGlobals) = postSolution
		SolutionGuid = {8AAEBF5E-9543-4707-A9CF-02FA0F56700A}
	EndGlobalSection
EndGlobal
